// !$*UTF8*$!
{
	archiveVersion = 1;
	classes = {
	};
	objectVersion = 46;
	objects = {

/* Begin PBXBuildFile section */
		BD426AE91DABC7B700ACF26F /* AppDelegate.swift in Sources */ = {isa = PBXBuildFile; fileRef = BD426AE81DABC7B700ACF26F /* AppDelegate.swift */; };
		BD426AEB1DABC7B700ACF26F /* Assets.xcassets in Resources */ = {isa = PBXBuildFile; fileRef = BD426AEA1DABC7B700ACF26F /* Assets.xcassets */; };
		BD426AEE1DABC7B700ACF26F /* MainMenu.xib in Resources */ = {isa = PBXBuildFile; fileRef = BD426AEC1DABC7B700ACF26F /* MainMenu.xib */; };
		BD426AF91DABC7B700ACF26F /* TP3Tests.swift in Sources */ = {isa = PBXBuildFile; fileRef = BD426AF81DABC7B700ACF26F /* TP3Tests.swift */; };
		BD426B041DABC7B700ACF26F /* TP3UITests.swift in Sources */ = {isa = PBXBuildFile; fileRef = BD426B031DABC7B700ACF26F /* TP3UITests.swift */; };
		BD426B231DABCC4C00ACF26F /* CarteView.swift in Sources */ = {isa = PBXBuildFile; fileRef = BD426B221DABCC4C00ACF26F /* CarteView.swift */; };
		D80AF6B51E279CBD008F537B /* Carte.swift in Sources */ = {isa = PBXBuildFile; fileRef = D80AF6B41E279CBD008F537B /* Carte.swift */; };
		D80AF6B71E279CC8008F537B /* Joueur.swift in Sources */ = {isa = PBXBuildFile; fileRef = D80AF6B61E279CC8008F537B /* Joueur.swift */; };
		D80AF6B91E279CCF008F537B /* Paquet.swift in Sources */ = {isa = PBXBuildFile; fileRef = D80AF6B81E279CCF008F537B /* Paquet.swift */; };
/* End PBXBuildFile section */

/* Begin PBXContainerItemProxy section */
		BD426AF51DABC7B700ACF26F /* PBXContainerItemProxy */ = {
			isa = PBXContainerItemProxy;
			containerPortal = BD426ADD1DABC7B700ACF26F /* Project object */;
			proxyType = 1;
			remoteGlobalIDString = BD426AE41DABC7B700ACF26F;
			remoteInfo = TP3;
		};
		BD426B001DABC7B700ACF26F /* PBXContainerItemProxy */ = {
			isa = PBXContainerItemProxy;
			containerPortal = BD426ADD1DABC7B700ACF26F /* Project object */;
			proxyType = 1;
			remoteGlobalIDString = BD426AE41DABC7B700ACF26F;
			remoteInfo = TP3;
		};
/* End PBXContainerItemProxy section */

/* Begin PBXFileReference section */
		BD426AE51DABC7B700ACF26F /* TP3.app */ = {isa = PBXFileReference; explicitFileType = wrapper.application; includeInIndex = 0; path = TP3.app; sourceTree = BUILT_PRODUCTS_DIR; };
		BD426AE81DABC7B700ACF26F /* AppDelegate.swift */ = {isa = PBXFileReference; lastKnownFileType = sourcecode.swift; path = AppDelegate.swift; sourceTree = "<group>"; };
		BD426AEA1DABC7B700ACF26F /* Assets.xcassets */ = {isa = PBXFileReference; lastKnownFileType = folder.assetcatalog; path = Assets.xcassets; sourceTree = "<group>"; };
		BD426AED1DABC7B700ACF26F /* Base */ = {isa = PBXFileReference; lastKnownFileType = file.xib; name = Base; path = Base.lproj/MainMenu.xib; sourceTree = "<group>"; };
		BD426AEF1DABC7B700ACF26F /* Info.plist */ = {isa = PBXFileReference; lastKnownFileType = text.plist.xml; path = Info.plist; sourceTree = "<group>"; };
		BD426AF41DABC7B700ACF26F /* TP3Tests.xctest */ = {isa = PBXFileReference; explicitFileType = wrapper.cfbundle; includeInIndex = 0; path = TP3Tests.xctest; sourceTree = BUILT_PRODUCTS_DIR; };
		BD426AF81DABC7B700ACF26F /* TP3Tests.swift */ = {isa = PBXFileReference; lastKnownFileType = sourcecode.swift; path = TP3Tests.swift; sourceTree = "<group>"; };
		BD426AFA1DABC7B700ACF26F /* Info.plist */ = {isa = PBXFileReference; lastKnownFileType = text.plist.xml; path = Info.plist; sourceTree = "<group>"; };
		BD426AFF1DABC7B700ACF26F /* TP3UITests.xctest */ = {isa = PBXFileReference; explicitFileType = wrapper.cfbundle; includeInIndex = 0; path = TP3UITests.xctest; sourceTree = BUILT_PRODUCTS_DIR; };
		BD426B031DABC7B700ACF26F /* TP3UITests.swift */ = {isa = PBXFileReference; lastKnownFileType = sourcecode.swift; path = TP3UITests.swift; sourceTree = "<group>"; };
		BD426B051DABC7B700ACF26F /* Info.plist */ = {isa = PBXFileReference; lastKnownFileType = text.plist.xml; path = Info.plist; sourceTree = "<group>"; };
		BD426B221DABCC4C00ACF26F /* CarteView.swift */ = {isa = PBXFileReference; fileEncoding = 4; lastKnownFileType = sourcecode.swift; name = CarteView.swift; path = ../CarteView.swift; sourceTree = "<group>"; };
		D80AF6B41E279CBD008F537B /* Carte.swift */ = {isa = PBXFileReference; fileEncoding = 4; lastKnownFileType = sourcecode.swift; path = Carte.swift; sourceTree = SOURCE_ROOT; };
		D80AF6B61E279CC8008F537B /* Joueur.swift */ = {isa = PBXFileReference; fileEncoding = 4; lastKnownFileType = sourcecode.swift; path = Joueur.swift; sourceTree = SOURCE_ROOT; };
		D80AF6B81E279CCF008F537B /* Paquet.swift */ = {isa = PBXFileReference; fileEncoding = 4; lastKnownFileType = sourcecode.swift; path = Paquet.swift; sourceTree = SOURCE_ROOT; };
/* End PBXFileReference section */

/* Begin PBXFrameworksBuildPhase section */
		BD426AE21DABC7B700ACF26F /* Frameworks */ = {
			isa = PBXFrameworksBuildPhase;
			buildActionMask = 2147483647;
			files = (
			);
			runOnlyForDeploymentPostprocessing = 0;
		};
		BD426AF11DABC7B700ACF26F /* Frameworks */ = {
			isa = PBXFrameworksBuildPhase;
			buildActionMask = 2147483647;
			files = (
			);
			runOnlyForDeploymentPostprocessing = 0;
		};
		BD426AFC1DABC7B700ACF26F /* Frameworks */ = {
			isa = PBXFrameworksBuildPhase;
			buildActionMask = 2147483647;
			files = (
			);
			runOnlyForDeploymentPostprocessing = 0;
		};
/* End PBXFrameworksBuildPhase section */

/* Begin PBXGroup section */
		BD426ADC1DABC7B700ACF26F = {
			isa = PBXGroup;
			children = (
				BD426AE71DABC7B700ACF26F /* TP3 */,
				BD426AF71DABC7B700ACF26F /* TP3Tests */,
				BD426B021DABC7B700ACF26F /* TP3UITests */,
				BD426AE61DABC7B700ACF26F /* Products */,
			);
			sourceTree = "<group>";
		};
		BD426AE61DABC7B700ACF26F /* Products */ = {
			isa = PBXGroup;
			children = (
				BD426AE51DABC7B700ACF26F /* TP3.app */,
				BD426AF41DABC7B700ACF26F /* TP3Tests.xctest */,
				BD426AFF1DABC7B700ACF26F /* TP3UITests.xctest */,
			);
			name = Products;
			sourceTree = "<group>";
		};
		BD426AE71DABC7B700ACF26F /* TP3 */ = {
			isa = PBXGroup;
			children = (
				D80AF6B81E279CCF008F537B /* Paquet.swift */,
				D80AF6B61E279CC8008F537B /* Joueur.swift */,
				D80AF6B41E279CBD008F537B /* Carte.swift */,
				BD426B221DABCC4C00ACF26F /* CarteView.swift */,
				BD426AE81DABC7B700ACF26F /* AppDelegate.swift */,
				BD426AEA1DABC7B700ACF26F /* Assets.xcassets */,
				BD426AEC1DABC7B700ACF26F /* MainMenu.xib */,
				BD426AEF1DABC7B700ACF26F /* Info.plist */,
			);
			path = TP3;
			sourceTree = "<group>";
		};
		BD426AF71DABC7B700ACF26F /* TP3Tests */ = {
			isa = PBXGroup;
			children = (
				BD426AF81DABC7B700ACF26F /* TP3Tests.swift */,
				BD426AFA1DABC7B700ACF26F /* Info.plist */,
			);
			path = TP3Tests;
			sourceTree = "<group>";
		};
		BD426B021DABC7B700ACF26F /* TP3UITests */ = {
			isa = PBXGroup;
			children = (
				BD426B031DABC7B700ACF26F /* TP3UITests.swift */,
				BD426B051DABC7B700ACF26F /* Info.plist */,
			);
			path = TP3UITests;
			sourceTree = "<group>";
		};
/* End PBXGroup section */

/* Begin PBXNativeTarget section */
		BD426AE41DABC7B700ACF26F /* TP3 */ = {
			isa = PBXNativeTarget;
			buildConfigurationList = BD426B081DABC7B700ACF26F /* Build configuration list for PBXNativeTarget "TP3" */;
			buildPhases = (
				BD426AE11DABC7B700ACF26F /* Sources */,
				BD426AE21DABC7B700ACF26F /* Frameworks */,
				BD426AE31DABC7B700ACF26F /* Resources */,
			);
			buildRules = (
			);
			dependencies = (
			);
			name = TP3;
			productName = TP3;
			productReference = BD426AE51DABC7B700ACF26F /* TP3.app */;
			productType = "com.apple.product-type.application";
		};
		BD426AF31DABC7B700ACF26F /* TP3Tests */ = {
			isa = PBXNativeTarget;
			buildConfigurationList = BD426B0B1DABC7B700ACF26F /* Build configuration list for PBXNativeTarget "TP3Tests" */;
			buildPhases = (
				BD426AF01DABC7B700ACF26F /* Sources */,
				BD426AF11DABC7B700ACF26F /* Frameworks */,
				BD426AF21DABC7B700ACF26F /* Resources */,
			);
			buildRules = (
			);
			dependencies = (
				BD426AF61DABC7B700ACF26F /* PBXTargetDependency */,
			);
			name = TP3Tests;
			productName = TP3Tests;
			productReference = BD426AF41DABC7B700ACF26F /* TP3Tests.xctest */;
			productType = "com.apple.product-type.bundle.unit-test";
		};
		BD426AFE1DABC7B700ACF26F /* TP3UITests */ = {
			isa = PBXNativeTarget;
			buildConfigurationList = BD426B0E1DABC7B700ACF26F /* Build configuration list for PBXNativeTarget "TP3UITests" */;
			buildPhases = (
				BD426AFB1DABC7B700ACF26F /* Sources */,
				BD426AFC1DABC7B700ACF26F /* Frameworks */,
				BD426AFD1DABC7B700ACF26F /* Resources */,
			);
			buildRules = (
			);
			dependencies = (
				BD426B011DABC7B700ACF26F /* PBXTargetDependency */,
			);
			name = TP3UITests;
			productName = TP3UITests;
			productReference = BD426AFF1DABC7B700ACF26F /* TP3UITests.xctest */;
			productType = "com.apple.product-type.bundle.ui-testing";
		};
/* End PBXNativeTarget section */

/* Begin PBXProject section */
		BD426ADD1DABC7B700ACF26F /* Project object */ = {
			isa = PBXProject;
			attributes = {
				LastSwiftUpdateCheck = 0730;
				LastUpgradeCheck = 0730;
				ORGANIZATIONNAME = "sofiane ouafir";
				TargetAttributes = {
					BD426AE41DABC7B700ACF26F = {
						CreatedOnToolsVersion = 7.3.1;
					};
					BD426AF31DABC7B700ACF26F = {
						CreatedOnToolsVersion = 7.3.1;
						TestTargetID = BD426AE41DABC7B700ACF26F;
					};
					BD426AFE1DABC7B700ACF26F = {
						CreatedOnToolsVersion = 7.3.1;
						TestTargetID = BD426AE41DABC7B700ACF26F;
					};
				};
			};
			buildConfigurationList = BD426AE01DABC7B700ACF26F /* Build configuration list for PBXProject "TP3" */;
			compatibilityVersion = "Xcode 3.2";
			developmentRegion = English;
			hasScannedForEncodings = 0;
			knownRegions = (
				en,
				Base,
			);
			mainGroup = BD426ADC1DABC7B700ACF26F;
			productRefGroup = BD426AE61DABC7B700ACF26F /* Products */;
			projectDirPath = "";
			projectRoot = "";
			targets = (
				BD426AE41DABC7B700ACF26F /* TP3 */,
				BD426AF31DABC7B700ACF26F /* TP3Tests */,
				BD426AFE1DABC7B700ACF26F /* TP3UITests */,
			);
		};
/* End PBXProject section */

/* Begin PBXResourcesBuildPhase section */
		BD426AE31DABC7B700ACF26F /* Resources */ = {
			isa = PBXResourcesBuildPhase;
			buildActionMask = 2147483647;
			files = (
				BD426AEB1DABC7B700ACF26F /* Assets.xcassets in Resources */,
				BD426AEE1DABC7B700ACF26F /* MainMenu.xib in Resources */,
			);
			runOnlyForDeploymentPostprocessing = 0;
		};
		BD426AF21DABC7B700ACF26F /* Resources */ = {
			isa = PBXResourcesBuildPhase;
			buildActionMask = 2147483647;
			files = (
			);
			runOnlyForDeploymentPostprocessing = 0;
		};
		BD426AFD1DABC7B700ACF26F /* Resources */ = {
			isa = PBXResourcesBuildPhase;
			buildActionMask = 2147483647;
			files = (
			);
			runOnlyForDeploymentPostprocessing = 0;
		};
/* End PBXResourcesBuildPhase section */

/* Begin PBXSourcesBuildPhase section */
		BD426AE11DABC7B700ACF26F /* Sources */ = {
			isa = PBXSourcesBuildPhase;
			buildActionMask = 2147483647;
			files = (
				D80AF6B91E279CCF008F537B /* Paquet.swift in Sources */,
				BD426AE91DABC7B700ACF26F /* AppDelegate.swift in Sources */,
				D80AF6B71E279CC8008F537B /* Joueur.swift in Sources */,
				D80AF6B51E279CBD008F537B /* Carte.swift in Sources */,
				BD426B231DABCC4C00ACF26F /* CarteView.swift in Sources */,
			);
			runOnlyForDeploymentPostprocessing = 0;
		};
		BD426AF01DABC7B700ACF26F /* Sources */ = {
			isa = PBXSourcesBuildPhase;
			buildActionMask = 2147483647;
			files = (
				BD426AF91DABC7B700ACF26F /* TP3Tests.swift in Sources */,
			);
			runOnlyForDeploymentPostprocessing = 0;
		};
		BD426AFB1DABC7B700ACF26F /* Sources */ = {
			isa = PBXSourcesBuildPhase;
			buildActionMask = 2147483647;
			files = (
				BD426B041DABC7B700ACF26F /* TP3UITests.swift in Sources */,
			);
			runOnlyForDeploymentPostprocessing = 0;
		};
/* End PBXSourcesBuildPhase section */

/* Begin PBXTargetDependency section */
		BD426AF61DABC7B700ACF26F /* PBXTargetDependency */ = {
			isa = PBXTargetDependency;
			target = BD426AE41DABC7B700ACF26F /* TP3 */;
			targetProxy = BD426AF51DABC7B700ACF26F /* PBXContainerItemProxy */;
		};
		BD426B011DABC7B700ACF26F /* PBXTargetDependency */ = {
			isa = PBXTargetDependency;
			target = BD426AE41DABC7B700ACF26F /* TP3 */;
			targetProxy = BD426B001DABC7B700ACF26F /* PBXContainerItemProxy */;
		};
/* End PBXTargetDependency section */

/* Begin PBXVariantGroup section */
		BD426AEC1DABC7B700ACF26F /* MainMenu.xib */ = {
			isa = PBXVariantGroup;
			children = (
				BD426AED1DABC7B700ACF26F /* Base */,
			);
			name = MainMenu.xib;
			sourceTree = "<group>";
		};
/* End PBXVariantGroup section */

/* Begin XCBuildConfiguration section */
		BD426B061DABC7B700ACF26F /* Debug */ = {
			isa = XCBuildConfiguration;
			buildSettings = {
				ALWAYS_SEARCH_USER_PATHS = NO;
				CLANG_ANALYZER_NONNULL = YES;
				CLANG_CXX_LANGUAGE_STANDARD = "gnu++0x";
				CLANG_CXX_LIBRARY = "libc++";
				CLANG_ENABLE_MODULES = YES;
				CLANG_ENABLE_OBJC_ARC = YES;
				CLANG_WARN_BOOL_CONVERSION = YES;
				CLANG_WARN_CONSTANT_CONVERSION = YES;
				CLANG_WARN_DIRECT_OBJC_ISA_USAGE = YES_ERROR;
				CLANG_WARN_EMPTY_BODY = YES;
				CLANG_WARN_ENUM_CONVERSION = YES;
				CLANG_WARN_INT_CONVERSION = YES;
				CLANG_WARN_OBJC_ROOT_CLASS = YES_ERROR;
				CLANG_WARN_UNREACHABLE_CODE = YES;
				CLANG_WARN__DUPLICATE_METHOD_MATCH = YES;
				CODE_SIGN_IDENTITY = "-";
				COPY_PHASE_STRIP = NO;
				DEBUG_INFORMATION_FORMAT = dwarf;
				ENABLE_STRICT_OBJC_MSGSEND = YES;
				ENABLE_TESTABILITY = YES;
				GCC_C_LANGUAGE_STANDARD = gnu99;
				GCC_DYNAMIC_NO_PIC = NO;
				GCC_NO_COMMON_BLOCKS = YES;
				GCC_OPTIMIZATION_LEVEL = 0;
				GCC_PREPROCESSOR_DEFINITIONS = (
					"DEBUG=1",
					"$(inherited)",
				);
				GCC_WARN_64_TO_32_BIT_CONVERSION = YES;
				GCC_WARN_ABOUT_RETURN_TYPE = YES_ERROR;
				GCC_WARN_UNDECLARED_SELECTOR = YES;
				GCC_WARN_UNINITIALIZED_AUTOS = YES_AGGRESSIVE;
				GCC_WARN_UNUSED_FUNCTION = YES;
				GCC_WARN_UNUSED_VARIABLE = YES;
				MACOSX_DEPLOYMENT_TARGET = 10.11;
				MTL_ENABLE_DEBUG_INFO = YES;
				ONLY_ACTIVE_ARCH = YES;
				SDKROOT = macosx;
				SWIFT_OPTIMIZATION_LEVEL = "-Onone";
			};
			name = Debug;
		};
		BD426B071DABC7B700ACF26F /* Release */ = {
			isa = XCBuildConfiguration;
			buildSettings = {
				ALWAYS_SEARCH_USER_PATHS = NO;
				CLANG_ANALYZER_NONNULL = YES;
				CLANG_CXX_LANGUAGE_STANDARD = "gnu++0x";
				CLANG_CXX_LIBRARY = "libc++";
				CLANG_ENABLE_MODULES = YES;
				CLANG_ENABLE_OBJC_ARC = YES;
				CLANG_WARN_BOOL_CONVERSION = YES;
				CLANG_WARN_CONSTANT_CONVERSION = YES;
				CLANG_WARN_DIRECT_OBJC_ISA_USAGE = YES_ERROR;
				CLANG_WARN_EMPTY_BODY = YES;
				CLANG_WARN_ENUM_CONVERSION = YES;
				CLANG_WARN_INT_CONVERSION = YES;
				CLANG_WARN_OBJC_ROOT_CLASS = YES_ERROR;
				CLANG_WARN_UNREACHABLE_CODE = YES;
				CLANG_WARN__DUPLICATE_METHOD_MATCH = YES;
				CODE_SIGN_IDENTITY = "-";
				COPY_PHASE_STRIP = NO;
				DEBUG_INFORMATION_FORMAT = "dwarf-with-dsym";
				ENABLE_NS_ASSERTIONS = NO;
				ENABLE_STRICT_OBJC_MSGSEND = YES;
				GCC_C_LANGUAGE_STANDARD = gnu99;
				GCC_NO_COMMON_BLOCKS = YES;
				GCC_WARN_64_TO_32_BIT_CONVERSION = YES;
				GCC_WARN_ABOUT_RETURN_TYPE = YES_ERROR;
				GCC_WARN_UNDECLARED_SELECTOR = YES;
				GCC_WARN_UNINITIALIZED_AUTOS = YES_AGGRESSIVE;
				GCC_WARN_UNUSED_FUNCTION = YES;
				GCC_WARN_UNUSED_VARIABLE = YES;
				MACOSX_DEPLOYMENT_TARGET = 10.11;
				MTL_ENABLE_DEBUG_INFO = NO;
				SDKROOT = macosx;
				SWIFT_OPTIMIZATION_LEVEL = "-O";
			};
			name = Release;
		};
		BD426B091DABC7B700ACF26F /* Debug */ = {
			isa = XCBuildConfiguration;
			buildSettings = {
				ASSETCATALOG_COMPILER_APPICON_NAME = AppIcon;
				COMBINE_HIDPI_IMAGES = YES;
				INFOPLIST_FILE = TP3/Info.plist;
				LD_RUNPATH_SEARCH_PATHS = "$(inherited) @executable_path/../Frameworks";
				PRODUCT_BUNDLE_IDENTIFIER = LPSILDAM.TP3;
				PRODUCT_NAME = "$(TARGET_NAME)";
			};
			name = Debug;
		};
		BD426B0A1DABC7B700ACF26F /* Release */ = {
			isa = XCBuildConfiguration;
			buildSettings = {
				ASSETCATALOG_COMPILER_APPICON_NAME = AppIcon;
				COMBINE_HIDPI_IMAGES = YES;
				INFOPLIST_FILE = TP3/Info.plist;
				LD_RUNPATH_SEARCH_PATHS = "$(inherited) @executable_path/../Frameworks";
				PRODUCT_BUNDLE_IDENTIFIER = LPSILDAM.TP3;
				PRODUCT_NAME = "$(TARGET_NAME)";
			};
			name = Release;
		};
		BD426B0C1DABC7B700ACF26F /* Debug */ = {
			isa = XCBuildConfiguration;
			buildSettings = {
				BUNDLE_LOADER = "$(TEST_HOST)";
				COMBINE_HIDPI_IMAGES = YES;
				INFOPLIST_FILE = TP3Tests/Info.plist;
				LD_RUNPATH_SEARCH_PATHS = "$(inherited) @executable_path/../Frameworks @loader_path/../Frameworks";
				PRODUCT_BUNDLE_IDENTIFIER = LPSILDAM.TP3Tests;
				PRODUCT_NAME = "$(TARGET_NAME)";
				TEST_HOST = "$(BUILT_PRODUCTS_DIR)/TP3.app/Contents/MacOS/TP3";
			};
			name = Debug;
		};
		BD426B0D1DABC7B700ACF26F /* Release */ = {
			isa = XCBuildConfiguration;
			buildSettings = {
				BUNDLE_LOADER = "$(TEST_HOST)";
				COMBINE_HIDPI_IMAGES = YES;
				INFOPLIST_FILE = TP3Tests/Info.plist;
				LD_RUNPATH_SEARCH_PATHS = "$(inherited) @executable_path/../Frameworks @loader_path/../Frameworks";
				PRODUCT_BUNDLE_IDENTIFIER = LPSILDAM.TP3Tests;
				PRODUCT_NAME = "$(TARGET_NAME)";
				TEST_HOST = "$(BUILT_PRODUCTS_DIR)/TP3.app/Contents/MacOS/TP3";
			};
			name = Release;
		};
		BD426B0F1DABC7B700ACF26F /* Debug */ = {
			isa = XCBuildConfiguration;
			buildSettings = {
				COMBINE_HIDPI_IMAGES = YES;
				INFOPLIST_FILE = TP3UITests/Info.plist;
				LD_RUNPATH_SEARCH_PATHS = "$(inherited) @executable_path/../Frameworks @loader_path/../Frameworks";
				PRODUCT_BUNDLE_IDENTIFIER = LPSILDAM.TP3UITests;
				PRODUCT_NAME = "$(TARGET_NAME)";
				TEST_TARGET_NAME = TP3;
			};
			name = Debug;
		};
		BD426B101DABC7B700ACF26F /* Release */ = {
			isa = XCBuildConfiguration;
			buildSettings = {
				COMBINE_HIDPI_IMAGES = YES;
				INFOPLIST_FILE = TP3UITests/Info.plist;
				LD_RUNPATH_SEARCH_PATHS = "$(inherited) @executable_path/../Frameworks @loader_path/../Frameworks";
				PRODUCT_BUNDLE_IDENTIFIER = LPSILDAM.TP3UITests;
				PRODUCT_NAME = "$(TARGET_NAME)";
				TEST_TARGET_NAME = TP3;
			};
			name = Release;
		};
/* End XCBuildConfiguration section */

/* Begin XCConfigurationList section */
		BD426AE01DABC7B700ACF26F /* Build configuration list for PBXProject "TP3" */ = {
			isa = XCConfigurationList;
			buildConfigurations = (
				BD426B061DABC7B700ACF26F /* Debug */,
				BD426B071DABC7B700ACF26F /* Release */,
			);
			defaultConfigurationIsVisible = 0;
			defaultConfigurationName = Release;
		};
		BD426B081DABC7B700ACF26F /* Build configuration list for PBXNativeTarget "TP3" */ = {
			isa = XCConfigurationList;
			buildConfigurations = (
				BD426B091DABC7B700ACF26F /* Debug */,
				BD426B0A1DABC7B700ACF26F /* Release */,
			);
			defaultConfigurationIsVisible = 0;
			defaultConfigurationName = Release;
		};
		BD426B0B1DABC7B700ACF26F /* Build configuration list for PBXNativeTarget "TP3Tests" */ = {
			isa = XCConfigurationList;
			buildConfigurations = (
				BD426B0C1DABC7B700ACF26F /* Debug */,
				BD426B0D1DABC7B700ACF26F /* Release */,
			);
			defaultConfigurationIsVisible = 0;
			defaultConfigurationName = Release;
		};
		BD426B0E1DABC7B700ACF26F /* Build configuration list for PBXNativeTarget "TP3UITests" */ = {
			isa = XCConfigurationList;
			buildConfigurations = (
				BD426B0F1DABC7B700ACF26F /* Debug */,
				BD426B101DABC7B700ACF26F /* Release */,
			);
			defaultConfigurationIsVisible = 0;
			defaultConfigurationName = Release;
		};
/* End XCConfigurationList section */
	};
	rootObject = BD426ADD1DABC7B700ACF26F /* Project object */;
}
